// !$*UTF8*$!
{
	archiveVersion = 1;
	classes = {
	};
	objectVersion = 46;
	objects = {

/* Begin PBXBuildFile section */
		D00F25F81AD64FCD00E959BF /* main.m in Sources */ = {isa = PBXBuildFile; fileRef = D00F25F71AD64FCD00E959BF /* main.m */; };
		D00F25FB1AD64FCD00E959BF /* AppDelegate.m in Sources */ = {isa = PBXBuildFile; fileRef = D00F25FA1AD64FCD00E959BF /* AppDelegate.m */; };
		D00F25FE1AD64FCD00E959BF /* ViewController.m in Sources */ = {isa = PBXBuildFile; fileRef = D00F25FD1AD64FCD00E959BF /* ViewController.m */; };
		D00F26011AD64FCD00E959BF /* Main.storyboard in Resources */ = {isa = PBXBuildFile; fileRef = D00F25FF1AD64FCD00E959BF /* Main.storyboard */; };
		D00F26031AD64FCD00E959BF /* Images.xcassets in Resources */ = {isa = PBXBuildFile; fileRef = D00F26021AD64FCD00E959BF /* Images.xcassets */; };
		D00F26061AD64FCD00E959BF /* LaunchScreen.xib in Resources */ = {isa = PBXBuildFile; fileRef = D00F26041AD64FCD00E959BF /* LaunchScreen.xib */; };
		D00F26121AD64FCD00E959BF /* ZhiHuDiaryTests.m in Sources */ = {isa = PBXBuildFile; fileRef = D00F26111AD64FCD00E959BF /* ZhiHuDiaryTests.m */; };
/* End PBXBuildFile section */

/* Begin PBXContainerItemProxy section */
		D00F260C1AD64FCD00E959BF /* PBXContainerItemProxy */ = {
			isa = PBXContainerItemProxy;
			containerPortal = D00F25EA1AD64FCD00E959BF /* Project object */;
			proxyType = 1;
			remoteGlobalIDString = D00F25F11AD64FCD00E959BF;
			remoteInfo = ZhiHuDiary;
		};
/* End PBXContainerItemProxy section */

/* Begin PBXFileReference section */
		D00F25F21AD64FCD00E959BF /* ZhiHuDiary.app */ = {isa = PBXFileReference; explicitFileType = wrapper.application; includeInIndex = 0; path = ZhiHuDiary.app; sourceTree = BUILT_PRODUCTS_DIR; };
		D00F25F61AD64FCD00E959BF /* Info.plist */ = {isa = PBXFileReference; lastKnownFileType = text.plist.xml; path = Info.plist; sourceTree = "<group>"; };
		D00F25F71AD64FCD00E959BF /* main.m */ = {isa = PBXFileReference; lastKnownFileType = sourcecode.c.objc; path = main.m; sourceTree = "<group>"; };
		D00F25F91AD64FCD00E959BF /* AppDelegate.h */ = {isa = PBXFileReference; lastKnownFileType = sourcecode.c.h; path = AppDelegate.h; sourceTree = "<group>"; };
		D00F25FA1AD64FCD00E959BF /* AppDelegate.m */ = {isa = PBXFileReference; lastKnownFileType = sourcecode.c.objc; path = AppDelegate.m; sourceTree = "<group>"; };
		D00F25FC1AD64FCD00E959BF /* ViewController.h */ = {isa = PBXFileReference; lastKnownFileType = sourcecode.c.h; path = ViewController.h; sourceTree = "<group>"; };
		D00F25FD1AD64FCD00E959BF /* ViewController.m */ = {isa = PBXFileReference; lastKnownFileType = sourcecode.c.objc; path = ViewController.m; sourceTree = "<group>"; };
		D00F26001AD64FCD00E959BF /* Base */ = {isa = PBXFileReference; lastKnownFileType = file.storyboard; name = Base; path = Base.lproj/Main.storyboard; sourceTree = "<group>"; };
		D00F26021AD64FCD00E959BF /* Images.xcassets */ = {isa = PBXFileReference; lastKnownFileType = folder.assetcatalog; path = Images.xcassets; sourceTree = "<group>"; };
		D00F26051AD64FCD00E959BF /* Base */ = {isa = PBXFileReference; lastKnownFileType = file.xib; name = Base; path = Base.lproj/LaunchScreen.xib; sourceTree = "<group>"; };
		D00F260B1AD64FCD00E959BF /* ZhiHuDiaryTests.xctest */ = {isa = PBXFileReference; explicitFileType = wrapper.cfbundle; includeInIndex = 0; path = ZhiHuDiaryTests.xctest; sourceTree = BUILT_PRODUCTS_DIR; };
		D00F26101AD64FCD00E959BF /* Info.plist */ = {isa = PBXFileReference; lastKnownFileType = text.plist.xml; path = Info.plist; sourceTree = "<group>"; };
		D00F26111AD64FCD00E959BF /* ZhiHuDiaryTests.m */ = {isa = PBXFileReference; lastKnownFileType = sourcecode.c.objc; path = ZhiHuDiaryTests.m; sourceTree = "<group>"; };
/* End PBXFileReference section */

/* Begin PBXFrameworksBuildPhase section */
		D00F25EF1AD64FCD00E959BF /* Frameworks */ = {
			isa = PBXFrameworksBuildPhase;
			buildActionMask = 2147483647;
			files = (
			);
			runOnlyForDeploymentPostprocessing = 0;
		};
		D00F26081AD64FCD00E959BF /* Frameworks */ = {
			isa = PBXFrameworksBuildPhase;
			buildActionMask = 2147483647;
			files = (
			);
			runOnlyForDeploymentPostprocessing = 0;
		};
/* End PBXFrameworksBuildPhase section */

/* Begin PBXGroup section */
		D00F25E91AD64FCD00E959BF = {
			isa = PBXGroup;
			children = (
				D00F25F41AD64FCD00E959BF /* ZhiHuDiary */,
				D00F260E1AD64FCD00E959BF /* ZhiHuDiaryTests */,
				D00F25F31AD64FCD00E959BF /* Products */,
			);
			sourceTree = "<group>";
		};
		D00F25F31AD64FCD00E959BF /* Products */ = {
			isa = PBXGroup;
			children = (
				D00F25F21AD64FCD00E959BF /* ZhiHuDiary.app */,
				D00F260B1AD64FCD00E959BF /* ZhiHuDiaryTests.xctest */,
			);
			name = Products;
			sourceTree = "<group>";
		};
		D00F25F41AD64FCD00E959BF /* ZhiHuDiary */ = {
			isa = PBXGroup;
			children = (
				D00F25F91AD64FCD00E959BF /* AppDelegate.h */,
				D00F25FA1AD64FCD00E959BF /* AppDelegate.m */,
				D00F25FC1AD64FCD00E959BF /* ViewController.h */,
				D00F25FD1AD64FCD00E959BF /* ViewController.m */,
				D00F25FF1AD64FCD00E959BF /* Main.storyboard */,
				D00F26021AD64FCD00E959BF /* Images.xcassets */,
				D00F26041AD64FCD00E959BF /* LaunchScreen.xib */,
				D00F25F51AD64FCD00E959BF /* Supporting Files */,
			);
			path = ZhiHuDiary;
			sourceTree = "<group>";
		};
		D00F25F51AD64FCD00E959BF /* Supporting Files */ = {
			isa = PBXGroup;
			children = (
				D00F25F61AD64FCD00E959BF /* Info.plist */,
				D00F25F71AD64FCD00E959BF /* main.m */,
			);
			name = "Supporting Files";
			sourceTree = "<group>";
		};
		D00F260E1AD64FCD00E959BF /* ZhiHuDiaryTests */ = {
			isa = PBXGroup;
			children = (
				D00F26111AD64FCD00E959BF /* ZhiHuDiaryTests.m */,
				D00F260F1AD64FCD00E959BF /* Supporting Files */,
			);
			path = ZhiHuDiaryTests;
			sourceTree = "<group>";
		};
		D00F260F1AD64FCD00E959BF /* Supporting Files */ = {
			isa = PBXGroup;
			children = (
				D00F26101AD64FCD00E959BF /* Info.plist */,
			);
			name = "Supporting Files";
			sourceTree = "<group>";
		};
/* End PBXGroup section */

/* Begin PBXNativeTarget section */
		D00F25F11AD64FCD00E959BF /* ZhiHuDiary */ = {
			isa = PBXNativeTarget;
			buildConfigurationList = D00F26151AD64FCD00E959BF /* Build configuration list for PBXNativeTarget "ZhiHuDiary" */;
			buildPhases = (
				D00F25EE1AD64FCD00E959BF /* Sources */,
				D00F25EF1AD64FCD00E959BF /* Frameworks */,
				D00F25F01AD64FCD00E959BF /* Resources */,
			);
			buildRules = (
			);
			dependencies = (
			);
			name = ZhiHuDiary;
			productName = ZhiHuDiary;
			productReference = D00F25F21AD64FCD00E959BF /* ZhiHuDiary.app */;
			productType = "com.apple.product-type.application";
		};
		D00F260A1AD64FCD00E959BF /* ZhiHuDiaryTests */ = {
			isa = PBXNativeTarget;
			buildConfigurationList = D00F26181AD64FCD00E959BF /* Build configuration list for PBXNativeTarget "ZhiHuDiaryTests" */;
			buildPhases = (
				D00F26071AD64FCD00E959BF /* Sources */,
				D00F26081AD64FCD00E959BF /* Frameworks */,
				D00F26091AD64FCD00E959BF /* Resources */,
			);
			buildRules = (
			);
			dependencies = (
				D00F260D1AD64FCD00E959BF /* PBXTargetDependency */,
			);
			name = ZhiHuDiaryTests;
			productName = ZhiHuDiaryTests;
			productReference = D00F260B1AD64FCD00E959BF /* ZhiHuDiaryTests.xctest */;
			productType = "com.apple.product-type.bundle.unit-test";
		};
/* End PBXNativeTarget section */

/* Begin PBXProject section */
		D00F25EA1AD64FCD00E959BF /* Project object */ = {
			isa = PBXProject;
			attributes = {
				LastUpgradeCheck = 0620;
				ORGANIZATIONNAME = qianchen;
				TargetAttributes = {
					D00F25F11AD64FCD00E959BF = {
						CreatedOnToolsVersion = 6.2;
					};
					D00F260A1AD64FCD00E959BF = {
						CreatedOnToolsVersion = 6.2;
						TestTargetID = D00F25F11AD64FCD00E959BF;
					};
				};
			};
			buildConfigurationList = D00F25ED1AD64FCD00E959BF /* Build configuration list for PBXProject "ZhiHuDiary" */;
			compatibilityVersion = "Xcode 3.2";
			developmentRegion = English;
			hasScannedForEncodings = 0;
			knownRegions = (
				en,
				Base,
			);
			mainGroup = D00F25E91AD64FCD00E959BF;
			productRefGroup = D00F25F31AD64FCD00E959BF /* Products */;
			projectDirPath = "";
			projectRoot = "";
			targets = (
				D00F25F11AD64FCD00E959BF /* ZhiHuDiary */,
				D00F260A1AD64FCD00E959BF /* ZhiHuDiaryTests */,
			);
		};
/* End PBXProject section */

/* Begin PBXResourcesBuildPhase section */
		D00F25F01AD64FCD00E959BF /* Resources */ = {
			isa = PBXResourcesBuildPhase;
			buildActionMask = 2147483647;
			files = (
				D00F26011AD64FCD00E959BF /* Main.storyboard in Resources */,
				D00F26061AD64FCD00E959BF /* LaunchScreen.xib in Resources */,
				D00F26031AD64FCD00E959BF /* Images.xcassets in Resources */,
			);
			runOnlyForDeploymentPostprocessing = 0;
		};
		D00F26091AD64FCD00E959BF /* Resources */ = {
			isa = PBXResourcesBuildPhase;
			buildActionMask = 2147483647;
			files = (
			);
			runOnlyForDeploymentPostprocessing = 0;
		};
/* End PBXResourcesBuildPhase section */

/* Begin PBXSourcesBuildPhase section */
		D00F25EE1AD64FCD00E959BF /* Sources */ = {
			isa = PBXSourcesBuildPhase;
			buildActionMask = 2147483647;
			files = (
				D00F25FE1AD64FCD00E959BF /* ViewController.m in Sources */,
				D00F25FB1AD64FCD00E959BF /* AppDelegate.m in Sources */,
				D00F25F81AD64FCD00E959BF /* main.m in Sources */,
			);
			runOnlyForDeploymentPostprocessing = 0;
		};
		D00F26071AD64FCD00E959BF /* Sources */ = {
			isa = PBXSourcesBuildPhase;
			buildActionMask = 2147483647;
			files = (
				D00F26121AD64FCD00E959BF /* ZhiHuDiaryTests.m in Sources */,
			);
			runOnlyForDeploymentPostprocessing = 0;
		};
/* End PBXSourcesBuildPhase section */

/* Begin PBXTargetDependency section */
		D00F260D1AD64FCD00E959BF /* PBXTargetDependency */ = {
			isa = PBXTargetDependency;
			target = D00F25F11AD64FCD00E959BF /* ZhiHuDiary */;
			targetProxy = D00F260C1AD64FCD00E959BF /* PBXContainerItemProxy */;
		};
/* End PBXTargetDependency section */

/* Begin PBXVariantGroup section */
		D00F25FF1AD64FCD00E959BF /* Main.storyboard */ = {
			isa = PBXVariantGroup;
			children = (
				D00F26001AD64FCD00E959BF /* Base */,
			);
			name = Main.storyboard;
			sourceTree = "<group>";
		};
		D00F26041AD64FCD00E959BF /* LaunchScreen.xib */ = {
			isa = PBXVariantGroup;
			children = (
				D00F26051AD64FCD00E959BF /* Base */,
			);
			name = LaunchScreen.xib;
			sourceTree = "<group>";
		};
/* End PBXVariantGroup section */

/* Begin XCBuildConfiguration section */
		D00F26131AD64FCD00E959BF /* Debug */ = {
			isa = XCBuildConfiguration;
			buildSettings = {
				ALWAYS_SEARCH_USER_PATHS = NO;
				CLANG_CXX_LANGUAGE_STANDARD = "gnu++0x";
				CLANG_CXX_LIBRARY = "libc++";
				CLANG_ENABLE_MODULES = YES;
				CLANG_ENABLE_OBJC_ARC = YES;
				CLANG_WARN_BOOL_CONVERSION = YES;
				CLANG_WARN_CONSTANT_CONVERSION = YES;
				CLANG_WARN_DIRECT_OBJC_ISA_USAGE = YES_ERROR;
				CLANG_WARN_EMPTY_BODY = YES;
				CLANG_WARN_ENUM_CONVERSION = YES;
				CLANG_WARN_INT_CONVERSION = YES;
				CLANG_WARN_OBJC_ROOT_CLASS = YES_ERROR;
				CLANG_WARN_UNREACHABLE_CODE = YES;
				CLANG_WARN__DUPLICATE_METHOD_MATCH = YES;
				"CODE_SIGN_IDENTITY[sdk=iphoneos*]" = "iPhone Developer";
				COPY_PHASE_STRIP = NO;
				ENABLE_STRICT_OBJC_MSGSEND = YES;
				GCC_C_LANGUAGE_STANDARD = gnu99;
				GCC_DYNAMIC_NO_PIC = NO;
				GCC_OPTIMIZATION_LEVEL = 0;
				GCC_PREPROCESSOR_DEFINITIONS = (
					"DEBUG=1",
					"$(inherited)",
				);
				GCC_SYMBOLS_PRIVATE_EXTERN = NO;
				GCC_WARN_64_TO_32_BIT_CONVERSION = YES;
				GCC_WARN_ABOUT_RETURN_TYPE = YES_ERROR;
				GCC_WARN_UNDECLARED_SELECTOR = YES;
				GCC_WARN_UNINITIALIZED_AUTOS = YES_AGGRESSIVE;
				GCC_WARN_UNUSED_FUNCTION = YES;
				GCC_WARN_UNUSED_VARIABLE = YES;
				IPHONEOS_DEPLOYMENT_TARGET = 8.2;
				MTL_ENABLE_DEBUG_INFO = YES;
				ONLY_ACTIVE_ARCH = YES;
				SDKROOT = iphoneos;
			};
			name = Debug;
		};
		D00F26141AD64FCD00E959BF /* Release */ = {
			isa = XCBuildConfiguration;
			buildSettings = {
				ALWAYS_SEARCH_USER_PATHS = NO;
				CLANG_CXX_LANGUAGE_STANDARD = "gnu++0x";
				CLANG_CXX_LIBRARY = "libc++";
				CLANG_ENABLE_MODULES = YES;
				CLANG_ENABLE_OBJC_ARC = YES;
				CLANG_WARN_BOOL_CONVERSION = YES;
				CLANG_WARN_CONSTANT_CONVERSION = YES;
				CLANG_WARN_DIRECT_OBJC_ISA_USAGE = YES_ERROR;
				CLANG_WARN_EMPTY_BODY = YES;
				CLANG_WARN_ENUM_CONVERSION = YES;
				CLANG_WARN_INT_CONVERSION = YES;
				CLANG_WARN_OBJC_ROOT_CLASS = YES_ERROR;
				CLANG_WARN_UNREACHABLE_CODE = YES;
				CLANG_WARN__DUPLICATE_METHOD_MATCH = YES;
				"CODE_SIGN_IDENTITY[sdk=iphoneos*]" = "iPhone Developer";
				COPY_PHASE_STRIP = NO;
				ENABLE_NS_ASSERTIONS = NO;
				ENABLE_STRICT_OBJC_MSGSEND = YES;
				GCC_C_LANGUAGE_STANDARD = gnu99;
				GCC_WARN_64_TO_32_BIT_CONVERSION = YES;
				GCC_WARN_ABOUT_RETURN_TYPE = YES_ERROR;
				GCC_WARN_UNDECLARED_SELECTOR = YES;
				GCC_WARN_UNINITIALIZED_AUTOS = YES_AGGRESSIVE;
				GCC_WARN_UNUSED_FUNCTION = YES;
				GCC_WARN_UNUSED_VARIABLE = YES;
				IPHONEOS_DEPLOYMENT_TARGET = 8.2;
				MTL_ENABLE_DEBUG_INFO = NO;
				SDKROOT = iphoneos;
				VALIDATE_PRODUCT = YES;
			};
			name = Release;
		};
		D00F26161AD64FCD00E959BF /* Debug */ = {
			isa = XCBuildConfiguration;
			buildSettings = {
				ASSETCATALOG_COMPILER_APPICON_NAME = AppIcon;
				INFOPLIST_FILE = ZhiHuDiary/Info.plist;
				LD_RUNPATH_SEARCH_PATHS = "$(inherited) @executable_path/Frameworks";
				PRODUCT_NAME = "$(TARGET_NAME)";
			};
			name = Debug;
		};
		D00F26171AD64FCD00E959BF /* Release */ = {
			isa = XCBuildConfiguration;
			buildSettings = {
				ASSETCATALOG_COMPILER_APPICON_NAME = AppIcon;
				INFOPLIST_FILE = ZhiHuDiary/Info.plist;
				LD_RUNPATH_SEARCH_PATHS = "$(inherited) @executable_path/Frameworks";
				PRODUCT_NAME = "$(TARGET_NAME)";
			};
			name = Release;
		};
		D00F26191AD64FCD00E959BF /* Debug */ = {
			isa = XCBuildConfiguration;
			buildSettings = {
				BUNDLE_LOADER = "$(TEST_HOST)";
				FRAMEWORK_SEARCH_PATHS = (
					"$(SDKROOT)/Developer/Library/Frameworks",
					"$(inherited)",
				);
				GCC_PREPROCESSOR_DEFINITIONS = (
					"DEBUG=1",
					"$(inherited)",
				);
				INFOPLIST_FILE = ZhiHuDiaryTests/Info.plist;
				LD_RUNPATH_SEARCH_PATHS = "$(inherited) @executable_path/Frameworks @loader_path/Frameworks";
				PRODUCT_NAME = "$(TARGET_NAME)";
				TEST_HOST = "$(BUILT_PRODUCTS_DIR)/ZhiHuDiary.app/ZhiHuDiary";
			};
			name = Debug;
		};
		D00F261A1AD64FCD00E959BF /* Release */ = {
			isa = XCBuildConfiguration;
			buildSettings = {
				BUNDLE_LOADER = "$(TEST_HOST)";
				FRAMEWORK_SEARCH_PATHS = (
					"$(SDKROOT)/Developer/Library/Frameworks",
					"$(inherited)",
				);
				INFOPLIST_FILE = ZhiHuDiaryTests/Info.plist;
				LD_RUNPATH_SEARCH_PATHS = "$(inherited) @executable_path/Frameworks @loader_path/Frameworks";
				PRODUCT_NAME = "$(TARGET_NAME)";
				TEST_HOST = "$(BUILT_PRODUCTS_DIR)/ZhiHuDiary.app/ZhiHuDiary";
			};
			name = Release;
		};
/* End XCBuildConfiguration section */

/* Begin XCConfigurationList section */
		D00F25ED1AD64FCD00E959BF /* Build configuration list for PBXProject "ZhiHuDiary" */ = {
			isa = XCConfigurationList;
			buildConfigurations = (
				D00F26131AD64FCD00E959BF /* Debug */,
				D00F26141AD64FCD00E959BF /* Release */,
			);
			defaultConfigurationIsVisible = 0;
			defaultConfigurationName = Release;
		};
		D00F26151AD64FCD00E959BF /* Build configuration list for PBXNativeTarget "ZhiHuDiary" */ = {
			isa = XCConfigurationList;
			buildConfigurations = (
				D00F26161AD64FCD00E959BF /* Debug */,
				D00F26171AD64FCD00E959BF /* Release */,
			);
			defaultConfigurationIsVisible = 0;
		};
		D00F26181AD64FCD00E959BF /* Build configuration list for PBXNativeTarget "ZhiHuDiaryTests" */ = {
			isa = XCConfigurationList;
			buildConfigurations = (
				D00F26191AD64FCD00E959BF /* Debug */,
				D00F261A1AD64FCD00E959BF /* Release */,
			);
			defaultConfigurationIsVisible = 0;
		};
/* End XCConfigurationList section */
	};
	rootObject = D00F25EA1AD64FCD00E959BF /* Project object */;
}
